
Microsoft Visual Studio Solution File, Format Version 12.00
# Visual Studio 14
VisualStudioVersion = 14.0.25123.0
MinimumVisualStudioVersion = 10.0.40219.1
Project("{FAE04EC0-301F-11D3-BF4B-00C04F79EFBC}") = "LoggerApi", "LoggerApi\LoggerApi.csproj", "{24DFCE26-6DAC-45D5-AA60-709E36D5B3FB}"
EndProject
Project("{FAE04EC0-301F-11D3-BF4B-00C04F79EFBC}") = "LoggerMvcClient", "LoggerMvcClient\LoggerMvcClient.csproj", "{05A1EFAE-37DC-4BF0-BDD2-FB198ACB4834}"
EndProject
Global
	GlobalSection(SolutionConfigurationPlatforms) = preSolution
		Debug|Any CPU = Debug|Any CPU
		Release|Any CPU = Release|Any CPU
	EndGlobalSection
	GlobalSection(ProjectConfigurationPlatforms) = postSolution
		{24DFCE26-6DAC-45D5-AA60-709E36D5B3FB}.Debug|Any CPU.ActiveCfg = Debug|Any CPU
		{24DFCE26-6DAC-45D5-AA60-709E36D5B3FB}.Debug|Any CPU.Build.0 = Debug|Any CPU
		{24DFCE26-6DAC-45D5-AA60-709E36D5B3FB}.Release|Any CPU.ActiveCfg = Release|Any CPU
		{24DFCE26-6DAC-45D5-AA60-709E36D5B3FB}.Release|Any CPU.Build.0 = Release|Any CPU
		{05A1EFAE-37DC-4BF0-BDD2-FB198ACB4834}.Debug|Any CPU.ActiveCfg = Debug|Any CPU
		{05A1EFAE-37DC-4BF0-BDD2-FB198ACB4834}.Debug|Any CPU.Build.0 = Debug|Any CPU
		{05A1EFAE-37DC-4BF0-BDD2-FB198ACB4834}.Release|Any CPU.ActiveCfg = Release|Any CPU
		{05A1EFAE-37DC-4BF0-BDD2-FB198ACB4834}.Release|Any CPU.Build.0 = Release|Any CPU
	EndGlobalSection
	GlobalSection(SolutionProperties) = preSolution
		HideSolutionNode = FALSE
	EndGlobalSection
EndGlobal
